# This file is automatically @generated by Cargo.
# It is not intended for manual editing.
version = 3

[[package]]
name = "b_342"
version = "0.1.0"
dependencies = [
 "itertools",
 "proconio",
]

[[package]]
name = "either"
version = "1.10.0"
source = "registry+https://github.com/rust-lang/crates.io-index"
checksum = "11157ac094ffbdde99aa67b23417ebdd801842852b500e395a45a9c0aac03e4a"

[[package]]
name = "itertools"
version = "0.10.5"
source = "registry+https://github.com/rust-lang/crates.io-index"
checksum = "b0fd2260e829bddf4cb6ea802289de2f86d6a7a690192fbe91b3f46e0f2c8473"
dependencies = [
 "either",
]

[[package]]
name = "proconio"
version = "0.4.5"
source = "registry+https://github.com/rust-lang/crates.io-index"
checksum = "0eb404616795079e2390e7115acf0ada24e9332e8476de2aada7bacb9992dc9e"
